
Microsoft Visual Studio Solution File, Format Version 12.00
# Visual Studio 2012
Project("{FAE04EC0-301F-11D3-BF4B-00C04F79EFBC}") = "DAL", "DAL\DAL.csproj", "{62D5C838-2FCB-435C-9713-6D78FE8932E6}"
EndProject
Project("{FAE04EC0-301F-11D3-BF4B-00C04F79EFBC}") = "Site", "Site\Site.csproj", "{BFC2BEA4-25BF-4022-A8E0-E45C83B4EC4C}"
EndProject
Global
	GlobalSection(SolutionConfigurationPlatforms) = preSolution
		Debug|Any CPU = Debug|Any CPU
		Release|Any CPU = Release|Any CPU
	EndGlobalSection
	GlobalSection(ProjectConfigurationPlatforms) = postSolution
		{62D5C838-2FCB-435C-9713-6D78FE8932E6}.Debug|Any CPU.ActiveCfg = Debug|Any CPU
		{62D5C838-2FCB-435C-9713-6D78FE8932E6}.Debug|Any CPU.Build.0 = Debug|Any CPU
		{62D5C838-2FCB-435C-9713-6D78FE8932E6}.Release|Any CPU.ActiveCfg = Release|Any CPU
		{62D5C838-2FCB-435C-9713-6D78FE8932E6}.Release|Any CPU.Build.0 = Release|Any CPU
		{BFC2BEA4-25BF-4022-A8E0-E45C83B4EC4C}.Debug|Any CPU.ActiveCfg = Debug|Any CPU
		{BFC2BEA4-25BF-4022-A8E0-E45C83B4EC4C}.Debug|Any CPU.Build.0 = Debug|Any CPU
		{BFC2BEA4-25BF-4022-A8E0-E45C83B4EC4C}.Release|Any CPU.ActiveCfg = Release|Any CPU
		{BFC2BEA4-25BF-4022-A8E0-E45C83B4EC4C}.Release|Any CPU.Build.0 = Release|Any CPU
	EndGlobalSection
	GlobalSection(SolutionProperties) = preSolution
		HideSolutionNode = FALSE
	EndGlobalSection
EndGlobal
